
Microsoft Visual Studio Solution File, Format Version 12.00
# Visual Studio 15
VisualStudioVersion = 15.0.27130.2027
MinimumVisualStudioVersion = 10.0.40219.1
Project("{FAE04EC0-301F-11D3-BF4B-00C04F79EFBC}") = "AgioGlobal.Client.Presentation.Website", "01.Presentation\AgioGlobal.Client.Presentation.Website\AgioGlobal.Client.Presentation.Website.csproj", "{CAEAD1F4-7E3F-4E08-B152-E7572FC315CB}"
EndProject
Global
	GlobalSection(SolutionConfigurationPlatforms) = preSolution
		Debug|Any CPU = Debug|Any CPU
		Release|Any CPU = Release|Any CPU
	EndGlobalSection
	GlobalSection(ProjectConfigurationPlatforms) = postSolution
		{CAEAD1F4-7E3F-4E08-B152-E7572FC315CB}.Debug|Any CPU.ActiveCfg = Debug|Any CPU
		{CAEAD1F4-7E3F-4E08-B152-E7572FC315CB}.Debug|Any CPU.Build.0 = Debug|Any CPU
		{CAEAD1F4-7E3F-4E08-B152-E7572FC315CB}.Release|Any CPU.ActiveCfg = Release|Any CPU
		{CAEAD1F4-7E3F-4E08-B152-E7572FC315CB}.Release|Any CPU.Build.0 = Release|Any CPU
	EndGlobalSection
	GlobalSection(SolutionProperties) = preSolution
		HideSolutionNode = FALSE
	EndGlobalSection
	GlobalSection(ExtensibilityGlobals) = postSolution
		SolutionGuid = {5D2901B5-E5DA-4BE2-94F8-02403C1F92E6}
	EndGlobalSection
EndGlobal
