
Microsoft Visual Studio Solution File, Format Version 12.00
# Visual Studio 15
VisualStudioVersion = 15.0.27130.2027
MinimumVisualStudioVersion = 10.0.40219.1
Project("{2150E333-8FDC-42A3-9474-1A3956D46DE8}") = "02.DistributedServices", "02.DistributedServices", "{FF6A7425-5373-4660-81CA-A06C59EFB62B}"
EndProject
Project("{FAE04EC0-301F-11D3-BF4B-00C04F79EFBC}") = "AgioGlobal.Server.DistributedServices.WebApi", "02.DistributedServices\AgioGlobal.Server.DistributedServices.WebApi\AgioGlobal.Server.DistributedServices.WebApi.csproj", "{7061435E-815B-4E0B-B90D-C0A0C06E23B4}"
EndProject
Project("{FAE04EC0-301F-11D3-BF4B-00C04F79EFBC}") = "AgioGlobal.Server.DistributedServices.UnitTest", "02.DistributedServices\AgioGlobal.Server.DistributedServices.UnitTest\AgioGlobal.Server.DistributedServices.UnitTest.csproj", "{11F59A7E-94A3-4981-95F0-BC09CFAA7EE8}"
EndProject
Project("{2150E333-8FDC-42A3-9474-1A3956D46DE8}") = "03.Domain", "03.Domain", "{3BF78C90-73E4-431D-852D-8906DF63F15D}"
EndProject
Project("{FAE04EC0-301F-11D3-BF4B-00C04F79EFBC}") = "AgioGlobal.Server.Domain.UnitTest", "03.Domain\AgioGlobal.Server.Domain.UnitTest\AgioGlobal.Server.Domain.UnitTest.csproj", "{E87349B0-FC02-4672-B187-FE3FDF72F637}"
EndProject
Project("{2150E333-8FDC-42A3-9474-1A3956D46DE8}") = "04.Data", "04.Data", "{59B499B6-9924-49B2-B47E-2CA2AB34587D}"
EndProject
Project("{FAE04EC0-301F-11D3-BF4B-00C04F79EFBC}") = "AgioGlobal.Server.Data.UnitTest", "04.Data\AgioGlobal.Server.Data.UnitTest\AgioGlobal.Server.Data.UnitTest.csproj", "{6E4392F1-8185-42F9-AEA6-F5B3D2D653C7}"
EndProject
Project("{2150E333-8FDC-42A3-9474-1A3956D46DE8}") = "10.Infrastructure", "10.Infrastructure", "{FD0A6F40-7631-45BD-88C0-F871F940B50E}"
EndProject
Project("{FAE04EC0-301F-11D3-BF4B-00C04F79EFBC}") = "AgioGlobal.Server.Data.DAL", "04.Data\AgioGlobal.Server.Data.DAL\AgioGlobal.Server.Data.DAL.csproj", "{B317BD25-9065-46B5-9DBF-9F2F25C43A4A}"
EndProject
Project("{FAE04EC0-301F-11D3-BF4B-00C04F79EFBC}") = "AgioGlobal.Server.DistributedServices.Messages", "02.DistributedServices\AgioGlobal.Server.DistributedServices.Messages\AgioGlobal.Server.DistributedServices.Messages.csproj", "{6823B272-053F-4C0F-8A27-BA9022C758CD}"
EndProject
Project("{FAE04EC0-301F-11D3-BF4B-00C04F79EFBC}") = "AgioGlobal.Server.Domain.BO", "03.Domain\AgioGlobal.Server.Domain.BO\AgioGlobal.Server.Domain.BO.csproj", "{82B2C4F5-9282-4AD6-9EB5-495CA7F30426}"
EndProject
Project("{FAE04EC0-301F-11D3-BF4B-00C04F79EFBC}") = "AgioGlobal.Server.Domain.Interfaces", "03.Domain\AgioGlobal.Server.Domain.Interfaces\AgioGlobal.Server.Domain.Interfaces.csproj", "{8903E266-ED26-4B5D-8560-46069E9D9088}"
EndProject
Project("{FAE04EC0-301F-11D3-BF4B-00C04F79EFBC}") = "AgioGlobal.Server.Domain.Mappers", "03.Domain\AgioGlobal.Server.Domain.Mappers\AgioGlobal.Server.Domain.Mappers.csproj", "{20172879-3746-4E03-ADFC-F24E0D090E4F}"
EndProject
Project("{FAE04EC0-301F-11D3-BF4B-00C04F79EFBC}") = "AgioGlobal.Server.Domain.Services", "03.Domain\AgioGlobal.Server.Domain.Services\AgioGlobal.Server.Domain.Services.csproj", "{7DE02BDA-B9AB-40D4-91DF-BDC47DD74079}"
EndProject
Project("{FAE04EC0-301F-11D3-BF4B-00C04F79EFBC}") = "AgioGlobal.Server.Data.Entities", "04.Data\AgioGlobal.Server.Data.Entities\AgioGlobal.Server.Data.Entities.csproj", "{4516C432-926E-4650-A29A-3A5D028573C1}"
EndProject
Project("{FAE04EC0-301F-11D3-BF4B-00C04F79EFBC}") = "AgioGlobal.Server.Data.Interfaces", "04.Data\AgioGlobal.Server.Data.Interfaces\AgioGlobal.Server.Data.Interfaces.csproj", "{E4D0DEB6-8C87-4104-8517-70BA45E0946B}"
EndProject
Project("{FAE04EC0-301F-11D3-BF4B-00C04F79EFBC}") = "AgioGlobal.Server.Data.Mappers", "04.Data\AgioGlobal.Server.Data.Mappers\AgioGlobal.Server.Data.Mappers.csproj", "{BABCE4C3-4BBE-4057-8E09-3A20A7F38E9A}"
EndProject
Project("{FAE04EC0-301F-11D3-BF4B-00C04F79EFBC}") = "AgioGlobal.Server.Data.Models", "04.Data\AgioGlobal.Server.Data.Models\AgioGlobal.Server.Data.Models.csproj", "{8DD97157-1AF2-4E8D-B34A-2C33661C677B}"
EndProject
Project("{FAE04EC0-301F-11D3-BF4B-00C04F79EFBC}") = "AgioGlobal.Server.Data.Repositories", "04.Data\AgioGlobal.Server.Data.Repositories\AgioGlobal.Server.Data.Repositories.csproj", "{2B8780AF-F033-4B4C-AC40-13114D1C4BAB}"
EndProject
Global
	GlobalSection(SolutionConfigurationPlatforms) = preSolution
		Debug|Any CPU = Debug|Any CPU
		Release|Any CPU = Release|Any CPU
	EndGlobalSection
	GlobalSection(ProjectConfigurationPlatforms) = postSolution
		{7061435E-815B-4E0B-B90D-C0A0C06E23B4}.Debug|Any CPU.ActiveCfg = Debug|Any CPU
		{7061435E-815B-4E0B-B90D-C0A0C06E23B4}.Debug|Any CPU.Build.0 = Debug|Any CPU
		{7061435E-815B-4E0B-B90D-C0A0C06E23B4}.Release|Any CPU.ActiveCfg = Release|Any CPU
		{7061435E-815B-4E0B-B90D-C0A0C06E23B4}.Release|Any CPU.Build.0 = Release|Any CPU
		{11F59A7E-94A3-4981-95F0-BC09CFAA7EE8}.Debug|Any CPU.ActiveCfg = Debug|Any CPU
		{11F59A7E-94A3-4981-95F0-BC09CFAA7EE8}.Debug|Any CPU.Build.0 = Debug|Any CPU
		{11F59A7E-94A3-4981-95F0-BC09CFAA7EE8}.Release|Any CPU.ActiveCfg = Release|Any CPU
		{11F59A7E-94A3-4981-95F0-BC09CFAA7EE8}.Release|Any CPU.Build.0 = Release|Any CPU
		{E87349B0-FC02-4672-B187-FE3FDF72F637}.Debug|Any CPU.ActiveCfg = Debug|Any CPU
		{E87349B0-FC02-4672-B187-FE3FDF72F637}.Debug|Any CPU.Build.0 = Debug|Any CPU
		{E87349B0-FC02-4672-B187-FE3FDF72F637}.Release|Any CPU.ActiveCfg = Release|Any CPU
		{E87349B0-FC02-4672-B187-FE3FDF72F637}.Release|Any CPU.Build.0 = Release|Any CPU
		{6E4392F1-8185-42F9-AEA6-F5B3D2D653C7}.Debug|Any CPU.ActiveCfg = Debug|Any CPU
		{6E4392F1-8185-42F9-AEA6-F5B3D2D653C7}.Debug|Any CPU.Build.0 = Debug|Any CPU
		{6E4392F1-8185-42F9-AEA6-F5B3D2D653C7}.Release|Any CPU.ActiveCfg = Release|Any CPU
		{6E4392F1-8185-42F9-AEA6-F5B3D2D653C7}.Release|Any CPU.Build.0 = Release|Any CPU
		{B317BD25-9065-46B5-9DBF-9F2F25C43A4A}.Debug|Any CPU.ActiveCfg = Debug|Any CPU
		{B317BD25-9065-46B5-9DBF-9F2F25C43A4A}.Debug|Any CPU.Build.0 = Debug|Any CPU
		{B317BD25-9065-46B5-9DBF-9F2F25C43A4A}.Release|Any CPU.ActiveCfg = Release|Any CPU
		{B317BD25-9065-46B5-9DBF-9F2F25C43A4A}.Release|Any CPU.Build.0 = Release|Any CPU
		{6823B272-053F-4C0F-8A27-BA9022C758CD}.Debug|Any CPU.ActiveCfg = Debug|Any CPU
		{6823B272-053F-4C0F-8A27-BA9022C758CD}.Debug|Any CPU.Build.0 = Debug|Any CPU
		{6823B272-053F-4C0F-8A27-BA9022C758CD}.Release|Any CPU.ActiveCfg = Release|Any CPU
		{6823B272-053F-4C0F-8A27-BA9022C758CD}.Release|Any CPU.Build.0 = Release|Any CPU
		{82B2C4F5-9282-4AD6-9EB5-495CA7F30426}.Debug|Any CPU.ActiveCfg = Debug|Any CPU
		{82B2C4F5-9282-4AD6-9EB5-495CA7F30426}.Debug|Any CPU.Build.0 = Debug|Any CPU
		{82B2C4F5-9282-4AD6-9EB5-495CA7F30426}.Release|Any CPU.ActiveCfg = Release|Any CPU
		{82B2C4F5-9282-4AD6-9EB5-495CA7F30426}.Release|Any CPU.Build.0 = Release|Any CPU
		{8903E266-ED26-4B5D-8560-46069E9D9088}.Debug|Any CPU.ActiveCfg = Debug|Any CPU
		{8903E266-ED26-4B5D-8560-46069E9D9088}.Debug|Any CPU.Build.0 = Debug|Any CPU
		{8903E266-ED26-4B5D-8560-46069E9D9088}.Release|Any CPU.ActiveCfg = Release|Any CPU
		{8903E266-ED26-4B5D-8560-46069E9D9088}.Release|Any CPU.Build.0 = Release|Any CPU
		{20172879-3746-4E03-ADFC-F24E0D090E4F}.Debug|Any CPU.ActiveCfg = Debug|Any CPU
		{20172879-3746-4E03-ADFC-F24E0D090E4F}.Debug|Any CPU.Build.0 = Debug|Any CPU
		{20172879-3746-4E03-ADFC-F24E0D090E4F}.Release|Any CPU.ActiveCfg = Release|Any CPU
		{20172879-3746-4E03-ADFC-F24E0D090E4F}.Release|Any CPU.Build.0 = Release|Any CPU
		{7DE02BDA-B9AB-40D4-91DF-BDC47DD74079}.Debug|Any CPU.ActiveCfg = Debug|Any CPU
		{7DE02BDA-B9AB-40D4-91DF-BDC47DD74079}.Debug|Any CPU.Build.0 = Debug|Any CPU
		{7DE02BDA-B9AB-40D4-91DF-BDC47DD74079}.Release|Any CPU.ActiveCfg = Release|Any CPU
		{7DE02BDA-B9AB-40D4-91DF-BDC47DD74079}.Release|Any CPU.Build.0 = Release|Any CPU
		{4516C432-926E-4650-A29A-3A5D028573C1}.Debug|Any CPU.ActiveCfg = Debug|Any CPU
		{4516C432-926E-4650-A29A-3A5D028573C1}.Debug|Any CPU.Build.0 = Debug|Any CPU
		{4516C432-926E-4650-A29A-3A5D028573C1}.Release|Any CPU.ActiveCfg = Release|Any CPU
		{4516C432-926E-4650-A29A-3A5D028573C1}.Release|Any CPU.Build.0 = Release|Any CPU
		{E4D0DEB6-8C87-4104-8517-70BA45E0946B}.Debug|Any CPU.ActiveCfg = Debug|Any CPU
		{E4D0DEB6-8C87-4104-8517-70BA45E0946B}.Debug|Any CPU.Build.0 = Debug|Any CPU
		{E4D0DEB6-8C87-4104-8517-70BA45E0946B}.Release|Any CPU.ActiveCfg = Release|Any CPU
		{E4D0DEB6-8C87-4104-8517-70BA45E0946B}.Release|Any CPU.Build.0 = Release|Any CPU
		{BABCE4C3-4BBE-4057-8E09-3A20A7F38E9A}.Debug|Any CPU.ActiveCfg = Debug|Any CPU
		{BABCE4C3-4BBE-4057-8E09-3A20A7F38E9A}.Debug|Any CPU.Build.0 = Debug|Any CPU
		{BABCE4C3-4BBE-4057-8E09-3A20A7F38E9A}.Release|Any CPU.ActiveCfg = Release|Any CPU
		{BABCE4C3-4BBE-4057-8E09-3A20A7F38E9A}.Release|Any CPU.Build.0 = Release|Any CPU
		{8DD97157-1AF2-4E8D-B34A-2C33661C677B}.Debug|Any CPU.ActiveCfg = Debug|Any CPU
		{8DD97157-1AF2-4E8D-B34A-2C33661C677B}.Debug|Any CPU.Build.0 = Debug|Any CPU
		{8DD97157-1AF2-4E8D-B34A-2C33661C677B}.Release|Any CPU.ActiveCfg = Release|Any CPU
		{8DD97157-1AF2-4E8D-B34A-2C33661C677B}.Release|Any CPU.Build.0 = Release|Any CPU
		{2B8780AF-F033-4B4C-AC40-13114D1C4BAB}.Debug|Any CPU.ActiveCfg = Debug|Any CPU
		{2B8780AF-F033-4B4C-AC40-13114D1C4BAB}.Debug|Any CPU.Build.0 = Debug|Any CPU
		{2B8780AF-F033-4B4C-AC40-13114D1C4BAB}.Release|Any CPU.ActiveCfg = Release|Any CPU
		{2B8780AF-F033-4B4C-AC40-13114D1C4BAB}.Release|Any CPU.Build.0 = Release|Any CPU
	EndGlobalSection
	GlobalSection(SolutionProperties) = preSolution
		HideSolutionNode = FALSE
	EndGlobalSection
	GlobalSection(NestedProjects) = preSolution
		{7061435E-815B-4E0B-B90D-C0A0C06E23B4} = {FF6A7425-5373-4660-81CA-A06C59EFB62B}
		{11F59A7E-94A3-4981-95F0-BC09CFAA7EE8} = {FF6A7425-5373-4660-81CA-A06C59EFB62B}
		{E87349B0-FC02-4672-B187-FE3FDF72F637} = {3BF78C90-73E4-431D-852D-8906DF63F15D}
		{6E4392F1-8185-42F9-AEA6-F5B3D2D653C7} = {59B499B6-9924-49B2-B47E-2CA2AB34587D}
		{B317BD25-9065-46B5-9DBF-9F2F25C43A4A} = {59B499B6-9924-49B2-B47E-2CA2AB34587D}
		{6823B272-053F-4C0F-8A27-BA9022C758CD} = {FF6A7425-5373-4660-81CA-A06C59EFB62B}
		{82B2C4F5-9282-4AD6-9EB5-495CA7F30426} = {3BF78C90-73E4-431D-852D-8906DF63F15D}
		{8903E266-ED26-4B5D-8560-46069E9D9088} = {3BF78C90-73E4-431D-852D-8906DF63F15D}
		{20172879-3746-4E03-ADFC-F24E0D090E4F} = {3BF78C90-73E4-431D-852D-8906DF63F15D}
		{7DE02BDA-B9AB-40D4-91DF-BDC47DD74079} = {3BF78C90-73E4-431D-852D-8906DF63F15D}
		{4516C432-926E-4650-A29A-3A5D028573C1} = {59B499B6-9924-49B2-B47E-2CA2AB34587D}
		{E4D0DEB6-8C87-4104-8517-70BA45E0946B} = {59B499B6-9924-49B2-B47E-2CA2AB34587D}
		{BABCE4C3-4BBE-4057-8E09-3A20A7F38E9A} = {59B499B6-9924-49B2-B47E-2CA2AB34587D}
		{8DD97157-1AF2-4E8D-B34A-2C33661C677B} = {59B499B6-9924-49B2-B47E-2CA2AB34587D}
		{2B8780AF-F033-4B4C-AC40-13114D1C4BAB} = {59B499B6-9924-49B2-B47E-2CA2AB34587D}
	EndGlobalSection
	GlobalSection(ExtensibilityGlobals) = postSolution
		SolutionGuid = {0ED27E93-9804-4EB2-8110-468EC7E0AA06}
	EndGlobalSection
EndGlobal
